<?xml version="1.0" encoding="utf-8"?>
<Project ToolsVersion="4.0" xmlns="http://schemas.microsoft.com/developer/msbuild/2003">
  <ItemGroup>
    <Filter Include="소스 파일">
      <UniqueIdentifier>{4FC737F1-C7A5-4376-A066-2A32D752A2FF}</UniqueIdentifier>
      <Extensions>cpp;c;cc;cxx;c++;cppm;ixx;def;odl;idl;hpj;bat;asm;asmx</Extensions>
    </Filter>
    <Filter Include="헤더 파일">
      <UniqueIdentifier>{93995380-89BD-4b04-88EB-625FBE52EBFB}</UniqueIdentifier>
      <Extensions>h;hh;hpp;hxx;h++;hm;inl;inc;ipp;xsd</Extensions>
    </Filter>
    <Filter Include="리소스 파일">
      <UniqueIdentifier>{67DA6AB6-F800-4c08-8B7A-83BB121AAD01}</UniqueIdentifier>
      <Extensions>rc;ico;cur;bmp;dlg;rc2;rct;bin;rgs;gif;jpg;jpeg;jpe;resx;tiff;tif;png;wav;mfcribbon-ms</Extensions>
    </Filter>
    <Filter Include="소스 파일\terminal">
      <UniqueIdentifier>{fe5c2cfe-7874-4102-9c7f-eee9fedb25cc}</UniqueIdentifier>
    </Filter>
    <Filter Include="소스 파일\lib">
      <UniqueIdentifier>{df4b85cb-f7e7-4b56-99df-e7567b65aa74}</UniqueIdentifier>
    </Filter>
    <Filter Include="소스 파일\include">
      <UniqueIdentifier>{1a9e2b2d-9cef-43c0-941e-0ca7d1ac0397}</UniqueIdentifier>
    </Filter>
  </ItemGroup>
  <ItemGroup>
    <ClCompile Include="viva.c">
      <Filter>소스 파일</Filter>
    </ClCompile>
    <ClCompile Include="terminal.c">
      <Filter>소스 파일\terminal</Filter>
    </ClCompile>
    <ClCompile Include="gap_buffer.c">
      <Filter>소스 파일</Filter>
    </ClCompile>
  </ItemGroup>
  <ItemGroup>
    <ClInclude Include="terminal.h">
      <Filter>소스 파일\terminal</Filter>
    </ClInclude>
    <ClInclude Include="gap_buffer.h">
      <Filter>헤더 파일</Filter>
    </ClInclude>
    <ClInclude Include="include\curses.h">
      <Filter>소스 파일\include</Filter>
    </ClInclude>
    <ClInclude Include="include\panel.h">
      <Filter>소스 파일\include</Filter>
    </ClInclude>
  </ItemGroup>
  <ItemGroup>
    <None Include="Makefile">
      <Filter>소스 파일</Filter>
    </None>
    <None Include="lib\pdcurses.dll">
      <Filter>소스 파일\lib</Filter>
    </None>
  </ItemGroup>
  <ItemGroup>
    <Library Include="lib\pdcurses.lib">
      <Filter>소스 파일\lib</Filter>
    </Library>
  </ItemGroup>
</Project>